{
  "version": 4,
  "terraform_version": "1.4.6",
  "serial": 6,
  "lineage": "be17aa63-01af-6d94-ff2d-e51d592b99f3",
  "outputs": {},
  "resources": [
    {
      "module": "module.airbyte_workspace",
      "mode": "managed",
      "type": "airbyte_workspace",
      "name": "workspace",
      "provider": "provider[\"registry.terraform.io/airbytehq/airbyte\"]",
      "instances": [
        {
          "schema_version": 0,
          "attributes": {
            "data_residency": "auto",
            "name": "airbyte_workspace",
            "workspace_id": "36ed5da3-8379-43cd-bc66-09e4ab12400d"
          },
          "sensitive_attributes": []
        }
      ]
    },
    {
      "module": "module.bigquery",
      "mode": "managed",
      "type": "airbyte_destination_bigquery",
      "name": "my_destination_bigquery",
      "provider": "provider[\"registry.terraform.io/airbytehq/airbyte\"]",
      "instances": [
        {
          "schema_version": 0,
          "attributes": {
            "configuration": {
              "big_query_client_buffer_size_mb": null,
              "credentials_json": "{\n  \"type\": \"service_account\",\n  \"project_id\": \"compact-system-398013\",\n  \"private_key_id\": \"a5b904d71712df64a45fdf27b24d1b08b081e9d6\",\n  \"private_key\": \"-----BEGIN PRIVATE KEY-----\\nMIIEvQIBADANBgkqhkiG9w0BAQEFAASCBKcwggSjAgEAAoIBAQC8IEVRe6wFa3Ht\\n+Yps8dVJ4xSjQOSSXDiAfEV3cpNN/76E2KDESeZ3fCV0f9+fNf3r0x94kmkGguZ+\\nJgC176bWp+xmSFqQuefl61X0rkJTj3PThnViQOO29nX9+SeDbuU+pBv0DLL/4jQ0\\nOnABMY7jCG+n3xbQxOsUhJQReXvTkxwKo2ZppB7DPpLrgkqpCqJPuvBHsahcXfYQ\\nmW58Ct7WZLC7bpAUYFVyeWk1L0vFoDqKmc0DnA75VRnrf6DtvhIYugG5AaKTl9Tz\\ndEDK7ene4j1E1hmAJsP/sQTCnaYsrzAMmsnFKYMZ2Pf7Scb0iTfqOlSerwYMvDDx\\n98aLn9crAgMBAAECggEAJ11zU9EWlk282ciRNCnIcT0QmPafvZaJhi061ftGIpik\\ns6Smw1wZWyBBsCZ/0w9XskyLtc2hJ2kltPjbxjY/CYS63U4/kTAte7lqU5hRLa4D\\nVRw6HNSqMaNR3lKP95sxYhGx/bfYjt21AcbGoCFQHmaqAo0Wd5n0/OafGyb6B7PR\\nV01qlGGvHxpYyku8QDpsI/mwmO8BZvIbI3hKMVYRmqSzIwLP/XFDq9S8OSVVmIkZ\\nRtkeOhiarkaq/kbEfSLUTNiJrI5p/Q3z6fDUccx2u4Q9EBJeF0CeI0XWWDSRtpxn\\nU6E0jlaDNniIrNNHRKnpPsVBIrBR1gFZ6IxomusyMQKBgQDhNnL/Johw0xFG2k8B\\nURamkfVI4O6t3Eb6+Icb3Oqb/lYr55IOqQuUbxC4Y7YkTjjqyi2hdRyAYFVtdR2l\\nc8W8sRv2fenWTZwJZYcYQcZXlPP/qPxljZRUAAoAiJt7XRYFtBuu4m8Y7QrFW03a\\nEPYnpgJVT7thITRNKLgpGVEHUQKBgQDV1++9k4FQ3WXVmVzBiVXXkxA/syhM/BJG\\nZfRnl6nTJECzq5r2jfbcygRJByHxfbgNkPFwDcv1ek/Rjmc7ewc2hmmuNS7XqUmm\\nRuQgE64jIdLTWwcqR7PMfW+i8FtFFRiaFK9zdDRewCxdSuznyM+Yao2NpEE6FBoF\\nvp7iCPXPuwKBgD4dAUxjuT+8xsgOz7liPugD222VM97ZoO34+3Jw1Hffhq6nOH44\\nm0v98dOZFJQgysvepQUhwpGZgBYnNdz6+C9ZfYfXJFYJo55n1QGYqnZfS4hYd/we\\nNymPtTJ+ertkaf16tiPeqZtrTQwvaWJaSTmYLI6Q5fIc8UrSjzAunk1xAoGBAI5j\\naFj8/OBRa1tc8OxVe/k9DVa8/pq0RZ7miGTqEcRroUGBhH+ja7r8MPpHa4yXP5SY\\n7IrGRQbBWKCah5aNhvIBciDzfKtRJ582GPRa5lqyTOU6+XxnngsNguYl0UAgme8O\\n0vy3ZZ+pqmC8YR69Ea3VVUf5FQ2NEP6+PKEZgkO9AoGANs0etgLvZJBuCFfCRkQj\\nvzf0NNaS3fsCTWLdpoYQ8E3iEsUuNBV3pKO+RJPdOx0aMU2svfOvRrIYVLjSSYYe\\noqg/UVt3rt3OPwGmSLCt8cM9B+wiopblGUJMFD+TN0upMUNT+ZaCXR8MBoG5t638\\ntasjdGau5qS1R2CBgMIkALo=\\n-----END PRIVATE KEY-----\\n\",\n  \"client_email\": \"airbyte-test@compact-system-398013.iam.gserviceaccount.com\",\n  \"client_id\": \"103753433882657687573\",\n  \"auth_uri\": \"https://accounts.google.com/o/oauth2/auth\",\n  \"token_uri\": \"https://oauth2.googleapis.com/token\",\n  \"auth_provider_x509_cert_url\": \"https://www.googleapis.com/oauth2/v1/certs\",\n  \"client_x509_cert_url\": \"https://www.googleapis.com/robot/v1/metadata/x509/airbyte-test%40compact-system-398013.iam.gserviceaccount.com\",\n  \"universe_domain\": \"googleapis.com\"\n}\n",
              "dataset_id": "airbyte_test",
              "dataset_location": "asia-northeast1",
              "destination_type": "bigquery",
              "loading_method": {
                "destination_bigquery_loading_method_gcs_staging": null,
                "destination_bigquery_loading_method_standard_inserts": {
                  "method": "Standard"
                },
                "destination_bigquery_update_loading_method_gcs_staging": null,
                "destination_bigquery_update_loading_method_standard_inserts": null
              },
              "project_id": "compact-system-398013",
              "raw_data_dataset": null,
              "transformation_priority": null,
              "use_1s1t_format": null
            },
            "destination_id": "439bc337-4411-4fea-99ea-ad4095e76f65",
            "destination_type": "bigquery",
            "name": "BiqQurey",
            "workspace_id": "36ed5da3-8379-43cd-bc66-09e4ab12400d"
          },
          "sensitive_attributes": [],
          "dependencies": [
            "module.airbyte_workspace.airbyte_workspace.workspace"
          ]
        }
      ]
    },
    {
      "module": "module.pokeapi",
      "mode": "managed",
      "type": "airbyte_source_pokeapi",
      "name": "my_source_pokeapi",
      "provider": "provider[\"registry.terraform.io/airbytehq/airbyte\"]",
      "instances": [
        {
          "schema_version": 0,
          "attributes": {
            "configuration": {
              "pokemon_name": "snorlax",
              "source_type": "pokeapi"
            },
            "name": "PokeAPI",
            "secret_id": null,
            "source_id": "6a563c20-d48a-46ff-b901-9bf5e83053e8",
            "source_type": "pokeapi",
            "workspace_id": "36ed5da3-8379-43cd-bc66-09e4ab12400d"
          },
          "sensitive_attributes": [],
          "dependencies": [
            "module.airbyte_workspace.airbyte_workspace.workspace"
          ]
        }
      ]
    },
    {
      "module": "module.pokeapi_bigquery",
      "mode": "managed",
      "type": "airbyte_connection",
      "name": "my_connection",
      "provider": "provider[\"registry.terraform.io/airbytehq/airbyte\"]",
      "instances": [
        {
          "schema_version": 0,
          "attributes": {
            "configurations": {
              "streams": [
                {
                  "cursor_field": null,
                  "name": "pokemon",
                  "primary_key": null,
                  "sync_mode": "full_refresh_overwrite"
                }
              ]
            },
            "connection_id": "17493501-4c74-414d-b664-a4c8822241f8",
            "data_residency": "auto",
            "destination_id": "439bc337-4411-4fea-99ea-ad4095e76f65",
            "name": "PokeAPI → BigQuery",
            "namespace_definition": "destination",
            "namespace_format": null,
            "non_breaking_schema_updates_behavior": "ignore",
            "prefix": null,
            "schedule": {
              "basic_timing": null,
              "cron_expression": null,
              "schedule_type": "manual"
            },
            "source_id": "6a563c20-d48a-46ff-b901-9bf5e83053e8",
            "status": "inactive",
            "workspace_id": "36ed5da3-8379-43cd-bc66-09e4ab12400d"
          },
          "sensitive_attributes": [],
          "dependencies": [
            "module.airbyte_workspace.airbyte_workspace.workspace",
            "module.bigquery.airbyte_destination_bigquery.my_destination_bigquery",
            "module.pokeapi.airbyte_source_pokeapi.my_source_pokeapi"
          ]
        }
      ]
    }
  ],
  "check_results": null
}
